
Microsoft Visual Studio Solution File, Format Version 12.00
# Visual Studio 2012
Project("{FAE04EC0-301F-11D3-BF4B-00C04F79EFBC}") = "ConsumerDataVerificationService", "ConsumerDataVerificationService\ConsumerDataVerificationService.csproj", "{90D48A81-1F47-4CC0-9269-06E141EAA3D4}"
EndProject
Project("{FAE04EC0-301F-11D3-BF4B-00C04F79EFBC}") = "ConsumerDataVerificationService.Tests", "ConsumerDataVerificationService.Tests\ConsumerDataVerificationService.Tests.csproj", "{9D9EAF17-7771-4F97-A262-182A8DF6550B}"
EndProject
Global
	GlobalSection(SolutionConfigurationPlatforms) = preSolution
		Debug|Any CPU = Debug|Any CPU
		Release|Any CPU = Release|Any CPU
	EndGlobalSection
	GlobalSection(ProjectConfigurationPlatforms) = postSolution
		{90D48A81-1F47-4CC0-9269-06E141EAA3D4}.Debug|Any CPU.ActiveCfg = Debug|Any CPU
		{90D48A81-1F47-4CC0-9269-06E141EAA3D4}.Debug|Any CPU.Build.0 = Debug|Any CPU
		{90D48A81-1F47-4CC0-9269-06E141EAA3D4}.Release|Any CPU.ActiveCfg = Release|Any CPU
		{90D48A81-1F47-4CC0-9269-06E141EAA3D4}.Release|Any CPU.Build.0 = Release|Any CPU
		{9D9EAF17-7771-4F97-A262-182A8DF6550B}.Debug|Any CPU.ActiveCfg = Debug|Any CPU
		{9D9EAF17-7771-4F97-A262-182A8DF6550B}.Debug|Any CPU.Build.0 = Debug|Any CPU
		{9D9EAF17-7771-4F97-A262-182A8DF6550B}.Release|Any CPU.ActiveCfg = Release|Any CPU
		{9D9EAF17-7771-4F97-A262-182A8DF6550B}.Release|Any CPU.Build.0 = Release|Any CPU
	EndGlobalSection
	GlobalSection(SolutionProperties) = preSolution
		HideSolutionNode = FALSE
	EndGlobalSection
EndGlobal
